
Microsoft Visual Studio Solution File, Format Version 12.00
# Visual Studio Version 17
VisualStudioVersion = 17.4.33403.182
MinimumVisualStudioVersion = 10.0.40219.1
Project("{9A19103F-16F7-4668-BE54-9A1E7A4F7556}") = "Sprauna7Publish", "Sprauna7Publish\Sprauna7Publish.csproj", "{D963C8FD-587C-4A1D-A8C8-1945EC0F0B24}"
EndProject
Project("{9A19103F-16F7-4668-BE54-9A1E7A4F7556}") = "Plugins.ExpressPay", "Plugins.ExpressPay\Plugins.ExpressPay.csproj", "{028CFAAD-8623-4858-BCBB-61947C0088A1}"
EndProject
Project("{9A19103F-16F7-4668-BE54-9A1E7A4F7556}") = "Plugins.DataStore.SQL", "Plugins.DataStore.SQL\Plugins.DataStore.SQL.csproj", "{17B1064D-DC0A-4204-AFEE-0AA4ECE920B0}"
EndProject
Project("{9A19103F-16F7-4668-BE54-9A1E7A4F7556}") = "Plugins.ShopByShop", "Plugins.ShopByShop\Plugins.ShopByShop.csproj", "{6DFCE55C-EFCC-4938-B13F-BCA5A25B7D5B}"
EndProject
Project("{9A19103F-16F7-4668-BE54-9A1E7A4F7556}") = "Sprauna7Publish.SeleniumTests", "Sprauna7Publish.AutomatedUITests\Sprauna7Publish.SeleniumTests.csproj", "{B829EDD8-8805-4DB7-B214-10A333223DBE}"
EndProject
Project("{2150E333-8FDC-42A3-9474-1A3956D46DE8}") = "Tests", "Tests", "{613C8322-2243-4190-AB6F-DF449EA7131F}"
EndProject
Project("{9A19103F-16F7-4668-BE54-9A1E7A4F7556}") = "Plugins.Currencies", "Plugins.Currency\Plugins.Currencies.csproj", "{FCDB5AB6-15E5-403B-BFD8-DCBD047D4873}"
EndProject
Project("{9A19103F-16F7-4668-BE54-9A1E7A4F7556}") = "Sprauna7Publish.PlaywrightTests", "Sprauna7Publish.PlaywrightTests\Sprauna7Publish.PlaywrightTests.csproj", "{77FA654A-EF1E-412C-BF8E-11EC11DB24F6}"
EndProject
Project("{9A19103F-16F7-4668-BE54-9A1E7A4F7556}") = "CoreBusiness", "CoreBusiness\CoreBusiness.csproj", "{B66C648D-5B1A-4576-A71B-43A29366811B}"
EndProject
Project("{FAE04EC0-301F-11D3-BF4B-00C04F79EFBC}") = "ExPay.Api", "ExPay.Api\ExPay.Api.csproj", "{996DE977-D774-4218-B175-A75DFCE27569}"
EndProject
Project("{9A19103F-16F7-4668-BE54-9A1E7A4F7556}") = "Plugins.MailSp", "Plugins.MailSp\Plugins.MailSp.csproj", "{C23BF2F0-BC33-479B-BF3C-F3E75C1A5734}"
EndProject
Project("{2150E333-8FDC-42A3-9474-1A3956D46DE8}") = "Plugins", "Plugins", "{913966F1-02C0-497B-ABC6-73B8C2157642}"
EndProject
Project("{9A19103F-16F7-4668-BE54-9A1E7A4F7556}") = "Plugins.MailKitSp", "Plugins.MailKitSp\Plugins.MailKitSp.csproj", "{8228E80D-7A00-41EE-B4A3-175A3522F834}"
EndProject
Project("{9A19103F-16F7-4668-BE54-9A1E7A4F7556}") = "Plugins.ShopByShop.N_Tests", "Plugins.ShopByShop.N_Tests\Plugins.ShopByShop.N_Tests.csproj", "{41086652-70A2-45E4-9A9C-778A7D8E2C1F}"
EndProject
Project("{9A19103F-16F7-4668-BE54-9A1E7A4F7556}") = "Plugins.ShopByShop.Ms_Tests", "Plugins.ShopByShop.Ms_Tests\Plugins.ShopByShop.Ms_Tests.csproj", "{7076C06F-23C3-4A68-ABD9-D23DE56AA7E4}"
EndProject
Project("{9A19103F-16F7-4668-BE54-9A1E7A4F7556}") = "Plugins.ShopByShop.X_Tests", "Plugins.ShopByShop.X_Tests\Plugins.ShopByShop.X_Tests.csproj", "{43E72AC1-CFE8-4EEB-81E0-0CDC17FCF738}"
EndProject
Project("{2150E333-8FDC-42A3-9474-1A3956D46DE8}") = "Presentation Layer", "Presentation Layer", "{10D9BA06-9E9B-4B10-9F54-8F6E1F3EE436}"
	ProjectSection(SolutionItems) = preProject
		log.txt = log.txt
	EndProjectSection
EndProject
Project("{2150E333-8FDC-42A3-9474-1A3956D46DE8}") = "Domain Layer", "Domain Layer", "{4F10619E-6E89-47E0-AE01-A6BE6913CCA3}"
EndProject
Project("{2150E333-8FDC-42A3-9474-1A3956D46DE8}") = "Data Layer", "Data Layer", "{E0749FBF-C882-4D7D-B9CA-33EAF9909FB3}"
EndProject
Project("{2150E333-8FDC-42A3-9474-1A3956D46DE8}") = "Data Layer", "Data Layer", "{F6183AD7-8CD6-4C78-A1A6-3B49F0AD8F80}"
EndProject
Project("{2150E333-8FDC-42A3-9474-1A3956D46DE8}") = "Plugins.InMemory", "Plugins.InMemory", "{94ADC09F-A499-45D5-B714-6AD6CE7934BB}"
EndProject
Project("{2150E333-8FDC-42A3-9474-1A3956D46DE8}") = "Plugins.AdditionalFunctionality", "Plugins.AdditionalFunctionality", "{8E9C4B34-91C2-465B-84C5-87C1033D9995}"
EndProject
Project("{2150E333-8FDC-42A3-9474-1A3956D46DE8}") = "Presentation Layer", "Presentation Layer", "{4B17E31B-6A53-4849-AD72-77AF4BF89B3C}"
EndProject
Project("{2150E333-8FDC-42A3-9474-1A3956D46DE8}") = "Plugins.ShopByShop", "Plugins.ShopByShop", "{2E08F3B0-F10D-40C9-9EA5-2514CE5A0C7D}"
EndProject
Project("{2150E333-8FDC-42A3-9474-1A3956D46DE8}") = "Plugins.DataStore.SQL", "Plugins.DataStore.SQL", "{FE7F66C0-EFA7-4DFA-AA6B-A45D39C1647D}"
EndProject
Project("{9A19103F-16F7-4668-BE54-9A1E7A4F7556}") = "Plugins.ShopByShop.InMemory", "Plugins.ShopByShop.InMemory\Plugins.ShopByShop.InMemory.csproj", "{5E2570B5-B735-4B74-A9FA-E73788A7E8A9}"
EndProject
Project("{9A19103F-16F7-4668-BE54-9A1E7A4F7556}") = "CoreBusiness.ShopByShop", "CoreBusiness.ShopByShop\CoreBusiness.ShopByShop.csproj", "{F2AA2E78-E061-4340-A9C9-A25B979D191A}"
EndProject
Project("{9A19103F-16F7-4668-BE54-9A1E7A4F7556}") = "UseCases.ShopByShop", "UseCases.ShopByShop\UseCases.ShopByShop.csproj", "{F6FC9CEB-AEFD-4354-A6EA-12EA1779A138}"
EndProject
Project("{2150E333-8FDC-42A3-9474-1A3956D46DE8}") = "ConsoleTest", "ConsoleTest", "{C296AE9A-3534-49C9-AF1C-9DF6D41BE280}"
EndProject
Project("{9A19103F-16F7-4668-BE54-9A1E7A4F7556}") = "Plugins.DataStore.InMemory", "Plugins.DataStore.InMemory\Plugins.DataStore.InMemory.csproj", "{67FEAAED-AAAE-42E8-B3D2-373A3EF928CC}"
EndProject
Project("{9A19103F-16F7-4668-BE54-9A1E7A4F7556}") = "Sprauna7Publish.BunitTests", "Sprauna7Publish.BunitTests\Sprauna7Publish.BunitTests.csproj", "{60E90ABD-E2C2-48FD-A9E9-0CC169263534}"
EndProject
Project("{9A19103F-16F7-4668-BE54-9A1E7A4F7556}") = "UseCasesSp", "UseCasesSp\UseCasesSp.csproj", "{0FFCBEDF-C89F-4BD4-AE54-92BEE86EF624}"
EndProject
Project("{9A19103F-16F7-4668-BE54-9A1E7A4F7556}") = "CreateTrackSbsCa", "CreateTrackSbsCa\CreateTrackSbsCa.csproj", "{CEB08955-1E84-4593-9BFA-110DFC44D0ED}"
EndProject
Project("{9A19103F-16F7-4668-BE54-9A1E7A4F7556}") = "Plugins.Converters", "Plugins.Converters\Plugins.Converters.csproj", "{673BCB36-71CA-49DE-9F38-C9722D40B758}"
EndProject
Project("{9A19103F-16F7-4668-BE54-9A1E7A4F7556}") = "CreateRecipientSbsCa", "CreateRecipientSbsCa\CreateRecipientSbsCa.csproj", "{66B0B33A-A4A3-4545-B88D-A9202CC19DA7}"
EndProject
Project("{9A19103F-16F7-4668-BE54-9A1E7A4F7556}") = "UseCases.ExpressPay", "UseCases.ExpressPay\UseCases.ExpressPay.csproj", "{EB705F40-860E-4457-8F7D-51C739D05F34}"
EndProject
Project("{9A19103F-16F7-4668-BE54-9A1E7A4F7556}") = "CoreBusiness.ExpressPay", "CoreBusiness.ExpressPay\CoreBusiness.ExpressPay.csproj", "{75AEE88A-E059-4A0B-9D6B-F60DE9A136CE}"
EndProject
Project("{9A19103F-16F7-4668-BE54-9A1E7A4F7556}") = "SpraunaApi", "SpraunaApi\SpraunaApi.csproj", "{EC6D89C2-E01C-4F04-8898-CB8C944468D2}"
EndProject
Project("{9A19103F-16F7-4668-BE54-9A1E7A4F7556}") = "SpraunaApi2", "SpraunaApi2\SpraunaApi2.csproj", "{EA125EAF-4664-40FB-8F54-2A458A06D409}"
EndProject
Project("{9A19103F-16F7-4668-BE54-9A1E7A4F7556}") = "WordpressCa", "WordpressCa\WordpressCa.csproj", "{9A43288E-3FCA-4CCB-BC48-331449C2ED65}"
EndProject
Project("{9A19103F-16F7-4668-BE54-9A1E7A4F7556}") = "TgBot", "TgBot\TgBot.csproj", "{BB9F9F94-A589-4D98-AD9D-0CAC82C6E3DF}"
EndProject
Project("{9A19103F-16F7-4668-BE54-9A1E7A4F7556}") = "NotionCa", "NotionCa\NotionCa.csproj", "{535E936B-821D-4C34-8318-93E374C23352}"
EndProject
Project("{9A19103F-16F7-4668-BE54-9A1E7A4F7556}") = "LinzomatikBsa", "LinzomatikBsa\LinzomatikBsa.csproj", "{22CA4E38-7B96-455B-A003-50B81BC8DDFC}"
EndProject
Project("{9A19103F-16F7-4668-BE54-9A1E7A4F7556}") = "Li.CoreBusiness", "Li.CoreBusiness\Li.CoreBusiness.csproj", "{BE0D7DEA-58CF-480B-AD03-8C9469AF8299}"
EndProject
Project("{9A19103F-16F7-4668-BE54-9A1E7A4F7556}") = "Li.UseCases", "Li.UseCases\Li.UseCases.csproj", "{1497CA0C-D8AB-4943-88EA-BA141495F420}"
EndProject
Project("{9A19103F-16F7-4668-BE54-9A1E7A4F7556}") = "Lixiang.CoreBusiness", "Lixiang.CoreBusiness\Lixiang.CoreBusiness.csproj", "{1CA98D16-FAC1-439B-AFB9-1C52D933AFD7}"
EndProject
Project("{9A19103F-16F7-4668-BE54-9A1E7A4F7556}") = "GapBsa", "GapBsa\GapBsa.csproj", "{073FDAB6-FF9E-49BD-8D2E-7AF9E79AD50C}"
EndProject
Project("{9A19103F-16F7-4668-BE54-9A1E7A4F7556}") = "LixiangBsa", "LixiangBsa\LixiangBsa.csproj", "{50A6F996-83D2-4F20-AC30-F47A87209078}"
EndProject
Project("{9A19103F-16F7-4668-BE54-9A1E7A4F7556}") = "Gap.CoreBusiness", "Gap.CoreBusiness\Gap.CoreBusiness.csproj", "{A51A1FE4-83CC-4C47-BB6D-45D049D0CD1E}"
EndProject
Project("{9A19103F-16F7-4668-BE54-9A1E7A4F7556}") = "Gap.UseCases", "Gap.UseCases\Gap.UseCases.csproj", "{4F2F08A4-550D-442A-A1A4-4141B9FEF496}"
EndProject
Project("{2150E333-8FDC-42A3-9474-1A3956D46DE8}") = "UseCases", "UseCases", "{FA952A0A-3295-4A45-A971-1DE6054B4055}"
EndProject
Project("{2150E333-8FDC-42A3-9474-1A3956D46DE8}") = "CoreBusinessCa", "CoreBusinessCa", "{02EDE115-AE37-48BF-898A-77721EFB4C85}"
EndProject
Project("{9A19103F-16F7-4668-BE54-9A1E7A4F7556}") = "Gap.Plugins.DataStore.SQL", "Gap.Plugins.DataStore.SQL\Gap.Plugins.DataStore.SQL.csproj", "{2A088D17-72F9-4353-9832-47E70522E39D}"
EndProject
Project("{9A19103F-16F7-4668-BE54-9A1E7A4F7556}") = "Gap.Plugins.DataStore.InMemory", "Gap.Plugins.DataStore.InMemory\Gap.Plugins.DataStore.InMemory.csproj", "{281D140C-CA44-4C99-8E35-A9D447AD1E13}"
EndProject
Project("{9A19103F-16F7-4668-BE54-9A1E7A4F7556}") = "PMBok.CoreBusiness", "PMBok.CoreBusiness\PMBok.CoreBusiness.csproj", "{6A5063C2-6732-4771-9BB4-1CB8F8E599FE}"
EndProject
Project("{9A19103F-16F7-4668-BE54-9A1E7A4F7556}") = "GapBsa2", "GapBsa2\GapBsa2.csproj", "{1EBF4B82-66E4-4562-AF2D-B841B73B4445}"
EndProject
Project("{9A19103F-16F7-4668-BE54-9A1E7A4F7556}") = "Gap2.CoreBusiness", "Gap2.CoreBusiness\Gap2.CoreBusiness.csproj", "{1028C870-F4F9-488C-867A-3BF8177475A3}"
EndProject
Project("{9A19103F-16F7-4668-BE54-9A1E7A4F7556}") = "Gap2.Plugins.DataStore.InMemory", "Gap2.Plugins.DataStore.InMemory\Gap2.Plugins.DataStore.InMemory.csproj", "{6220C856-008E-4245-94FE-564DF53A4006}"
EndProject
Global
	GlobalSection(SolutionConfigurationPlatforms) = preSolution
		Debug|Any CPU = Debug|Any CPU
		Release|Any CPU = Release|Any CPU
	EndGlobalSection
	GlobalSection(ProjectConfigurationPlatforms) = postSolution
		{D963C8FD-587C-4A1D-A8C8-1945EC0F0B24}.Debug|Any CPU.ActiveCfg = Debug|Any CPU
		{D963C8FD-587C-4A1D-A8C8-1945EC0F0B24}.Debug|Any CPU.Build.0 = Debug|Any CPU
		{D963C8FD-587C-4A1D-A8C8-1945EC0F0B24}.Release|Any CPU.ActiveCfg = Release|Any CPU
		{D963C8FD-587C-4A1D-A8C8-1945EC0F0B24}.Release|Any CPU.Build.0 = Release|Any CPU
		{028CFAAD-8623-4858-BCBB-61947C0088A1}.Debug|Any CPU.ActiveCfg = Debug|Any CPU
		{028CFAAD-8623-4858-BCBB-61947C0088A1}.Debug|Any CPU.Build.0 = Debug|Any CPU
		{028CFAAD-8623-4858-BCBB-61947C0088A1}.Release|Any CPU.ActiveCfg = Release|Any CPU
		{028CFAAD-8623-4858-BCBB-61947C0088A1}.Release|Any CPU.Build.0 = Release|Any CPU
		{17B1064D-DC0A-4204-AFEE-0AA4ECE920B0}.Debug|Any CPU.ActiveCfg = Debug|Any CPU
		{17B1064D-DC0A-4204-AFEE-0AA4ECE920B0}.Debug|Any CPU.Build.0 = Debug|Any CPU
		{17B1064D-DC0A-4204-AFEE-0AA4ECE920B0}.Release|Any CPU.ActiveCfg = Release|Any CPU
		{17B1064D-DC0A-4204-AFEE-0AA4ECE920B0}.Release|Any CPU.Build.0 = Release|Any CPU
		{6DFCE55C-EFCC-4938-B13F-BCA5A25B7D5B}.Debug|Any CPU.ActiveCfg = Debug|Any CPU
		{6DFCE55C-EFCC-4938-B13F-BCA5A25B7D5B}.Debug|Any CPU.Build.0 = Debug|Any CPU
		{6DFCE55C-EFCC-4938-B13F-BCA5A25B7D5B}.Release|Any CPU.ActiveCfg = Release|Any CPU
		{6DFCE55C-EFCC-4938-B13F-BCA5A25B7D5B}.Release|Any CPU.Build.0 = Release|Any CPU
		{B829EDD8-8805-4DB7-B214-10A333223DBE}.Debug|Any CPU.ActiveCfg = Debug|Any CPU
		{B829EDD8-8805-4DB7-B214-10A333223DBE}.Debug|Any CPU.Build.0 = Debug|Any CPU
		{B829EDD8-8805-4DB7-B214-10A333223DBE}.Release|Any CPU.ActiveCfg = Release|Any CPU
		{B829EDD8-8805-4DB7-B214-10A333223DBE}.Release|Any CPU.Build.0 = Release|Any CPU
		{FCDB5AB6-15E5-403B-BFD8-DCBD047D4873}.Debug|Any CPU.ActiveCfg = Debug|Any CPU
		{FCDB5AB6-15E5-403B-BFD8-DCBD047D4873}.Debug|Any CPU.Build.0 = Debug|Any CPU
		{FCDB5AB6-15E5-403B-BFD8-DCBD047D4873}.Release|Any CPU.ActiveCfg = Release|Any CPU
		{FCDB5AB6-15E5-403B-BFD8-DCBD047D4873}.Release|Any CPU.Build.0 = Release|Any CPU
		{77FA654A-EF1E-412C-BF8E-11EC11DB24F6}.Debug|Any CPU.ActiveCfg = Debug|Any CPU
		{77FA654A-EF1E-412C-BF8E-11EC11DB24F6}.Debug|Any CPU.Build.0 = Debug|Any CPU
		{77FA654A-EF1E-412C-BF8E-11EC11DB24F6}.Release|Any CPU.ActiveCfg = Release|Any CPU
		{77FA654A-EF1E-412C-BF8E-11EC11DB24F6}.Release|Any CPU.Build.0 = Release|Any CPU
		{B66C648D-5B1A-4576-A71B-43A29366811B}.Debug|Any CPU.ActiveCfg = Debug|Any CPU
		{B66C648D-5B1A-4576-A71B-43A29366811B}.Debug|Any CPU.Build.0 = Debug|Any CPU
		{B66C648D-5B1A-4576-A71B-43A29366811B}.Release|Any CPU.ActiveCfg = Release|Any CPU
		{B66C648D-5B1A-4576-A71B-43A29366811B}.Release|Any CPU.Build.0 = Release|Any CPU
		{996DE977-D774-4218-B175-A75DFCE27569}.Debug|Any CPU.ActiveCfg = Debug|Any CPU
		{996DE977-D774-4218-B175-A75DFCE27569}.Debug|Any CPU.Build.0 = Debug|Any CPU
		{996DE977-D774-4218-B175-A75DFCE27569}.Release|Any CPU.ActiveCfg = Release|Any CPU
		{996DE977-D774-4218-B175-A75DFCE27569}.Release|Any CPU.Build.0 = Release|Any CPU
		{C23BF2F0-BC33-479B-BF3C-F3E75C1A5734}.Debug|Any CPU.ActiveCfg = Debug|Any CPU
		{C23BF2F0-BC33-479B-BF3C-F3E75C1A5734}.Debug|Any CPU.Build.0 = Debug|Any CPU
		{C23BF2F0-BC33-479B-BF3C-F3E75C1A5734}.Release|Any CPU.ActiveCfg = Release|Any CPU
		{C23BF2F0-BC33-479B-BF3C-F3E75C1A5734}.Release|Any CPU.Build.0 = Release|Any CPU
		{8228E80D-7A00-41EE-B4A3-175A3522F834}.Debug|Any CPU.ActiveCfg = Debug|Any CPU
		{8228E80D-7A00-41EE-B4A3-175A3522F834}.Debug|Any CPU.Build.0 = Debug|Any CPU
		{8228E80D-7A00-41EE-B4A3-175A3522F834}.Release|Any CPU.ActiveCfg = Release|Any CPU
		{8228E80D-7A00-41EE-B4A3-175A3522F834}.Release|Any CPU.Build.0 = Release|Any CPU
		{41086652-70A2-45E4-9A9C-778A7D8E2C1F}.Debug|Any CPU.ActiveCfg = Debug|Any CPU
		{41086652-70A2-45E4-9A9C-778A7D8E2C1F}.Debug|Any CPU.Build.0 = Debug|Any CPU
		{41086652-70A2-45E4-9A9C-778A7D8E2C1F}.Release|Any CPU.ActiveCfg = Release|Any CPU
		{41086652-70A2-45E4-9A9C-778A7D8E2C1F}.Release|Any CPU.Build.0 = Release|Any CPU
		{7076C06F-23C3-4A68-ABD9-D23DE56AA7E4}.Debug|Any CPU.ActiveCfg = Debug|Any CPU
		{7076C06F-23C3-4A68-ABD9-D23DE56AA7E4}.Debug|Any CPU.Build.0 = Debug|Any CPU
		{7076C06F-23C3-4A68-ABD9-D23DE56AA7E4}.Release|Any CPU.ActiveCfg = Release|Any CPU
		{7076C06F-23C3-4A68-ABD9-D23DE56AA7E4}.Release|Any CPU.Build.0 = Release|Any CPU
		{43E72AC1-CFE8-4EEB-81E0-0CDC17FCF738}.Debug|Any CPU.ActiveCfg = Debug|Any CPU
		{43E72AC1-CFE8-4EEB-81E0-0CDC17FCF738}.Debug|Any CPU.Build.0 = Debug|Any CPU
		{43E72AC1-CFE8-4EEB-81E0-0CDC17FCF738}.Release|Any CPU.ActiveCfg = Release|Any CPU
		{43E72AC1-CFE8-4EEB-81E0-0CDC17FCF738}.Release|Any CPU.Build.0 = Release|Any CPU
		{5E2570B5-B735-4B74-A9FA-E73788A7E8A9}.Debug|Any CPU.ActiveCfg = Debug|Any CPU
		{5E2570B5-B735-4B74-A9FA-E73788A7E8A9}.Debug|Any CPU.Build.0 = Debug|Any CPU
		{5E2570B5-B735-4B74-A9FA-E73788A7E8A9}.Release|Any CPU.ActiveCfg = Release|Any CPU
		{5E2570B5-B735-4B74-A9FA-E73788A7E8A9}.Release|Any CPU.Build.0 = Release|Any CPU
		{F2AA2E78-E061-4340-A9C9-A25B979D191A}.Debug|Any CPU.ActiveCfg = Debug|Any CPU
		{F2AA2E78-E061-4340-A9C9-A25B979D191A}.Debug|Any CPU.Build.0 = Debug|Any CPU
		{F2AA2E78-E061-4340-A9C9-A25B979D191A}.Release|Any CPU.ActiveCfg = Release|Any CPU
		{F2AA2E78-E061-4340-A9C9-A25B979D191A}.Release|Any CPU.Build.0 = Release|Any CPU
		{F6FC9CEB-AEFD-4354-A6EA-12EA1779A138}.Debug|Any CPU.ActiveCfg = Debug|Any CPU
		{F6FC9CEB-AEFD-4354-A6EA-12EA1779A138}.Debug|Any CPU.Build.0 = Debug|Any CPU
		{F6FC9CEB-AEFD-4354-A6EA-12EA1779A138}.Release|Any CPU.ActiveCfg = Release|Any CPU
		{F6FC9CEB-AEFD-4354-A6EA-12EA1779A138}.Release|Any CPU.Build.0 = Release|Any CPU
		{67FEAAED-AAAE-42E8-B3D2-373A3EF928CC}.Debug|Any CPU.ActiveCfg = Debug|Any CPU
		{67FEAAED-AAAE-42E8-B3D2-373A3EF928CC}.Debug|Any CPU.Build.0 = Debug|Any CPU
		{67FEAAED-AAAE-42E8-B3D2-373A3EF928CC}.Release|Any CPU.ActiveCfg = Release|Any CPU
		{67FEAAED-AAAE-42E8-B3D2-373A3EF928CC}.Release|Any CPU.Build.0 = Release|Any CPU
		{60E90ABD-E2C2-48FD-A9E9-0CC169263534}.Debug|Any CPU.ActiveCfg = Debug|Any CPU
		{60E90ABD-E2C2-48FD-A9E9-0CC169263534}.Debug|Any CPU.Build.0 = Debug|Any CPU
		{60E90ABD-E2C2-48FD-A9E9-0CC169263534}.Release|Any CPU.ActiveCfg = Release|Any CPU
		{60E90ABD-E2C2-48FD-A9E9-0CC169263534}.Release|Any CPU.Build.0 = Release|Any CPU
		{0FFCBEDF-C89F-4BD4-AE54-92BEE86EF624}.Debug|Any CPU.ActiveCfg = Debug|Any CPU
		{0FFCBEDF-C89F-4BD4-AE54-92BEE86EF624}.Debug|Any CPU.Build.0 = Debug|Any CPU
		{0FFCBEDF-C89F-4BD4-AE54-92BEE86EF624}.Release|Any CPU.ActiveCfg = Release|Any CPU
		{0FFCBEDF-C89F-4BD4-AE54-92BEE86EF624}.Release|Any CPU.Build.0 = Release|Any CPU
		{CEB08955-1E84-4593-9BFA-110DFC44D0ED}.Debug|Any CPU.ActiveCfg = Debug|Any CPU
		{CEB08955-1E84-4593-9BFA-110DFC44D0ED}.Debug|Any CPU.Build.0 = Debug|Any CPU
		{CEB08955-1E84-4593-9BFA-110DFC44D0ED}.Release|Any CPU.ActiveCfg = Release|Any CPU
		{CEB08955-1E84-4593-9BFA-110DFC44D0ED}.Release|Any CPU.Build.0 = Release|Any CPU
		{673BCB36-71CA-49DE-9F38-C9722D40B758}.Debug|Any CPU.ActiveCfg = Debug|Any CPU
		{673BCB36-71CA-49DE-9F38-C9722D40B758}.Debug|Any CPU.Build.0 = Debug|Any CPU
		{673BCB36-71CA-49DE-9F38-C9722D40B758}.Release|Any CPU.ActiveCfg = Release|Any CPU
		{673BCB36-71CA-49DE-9F38-C9722D40B758}.Release|Any CPU.Build.0 = Release|Any CPU
		{66B0B33A-A4A3-4545-B88D-A9202CC19DA7}.Debug|Any CPU.ActiveCfg = Debug|Any CPU
		{66B0B33A-A4A3-4545-B88D-A9202CC19DA7}.Debug|Any CPU.Build.0 = Debug|Any CPU
		{66B0B33A-A4A3-4545-B88D-A9202CC19DA7}.Release|Any CPU.ActiveCfg = Release|Any CPU
		{66B0B33A-A4A3-4545-B88D-A9202CC19DA7}.Release|Any CPU.Build.0 = Release|Any CPU
		{EB705F40-860E-4457-8F7D-51C739D05F34}.Debug|Any CPU.ActiveCfg = Debug|Any CPU
		{EB705F40-860E-4457-8F7D-51C739D05F34}.Debug|Any CPU.Build.0 = Debug|Any CPU
		{EB705F40-860E-4457-8F7D-51C739D05F34}.Release|Any CPU.ActiveCfg = Release|Any CPU
		{EB705F40-860E-4457-8F7D-51C739D05F34}.Release|Any CPU.Build.0 = Release|Any CPU
		{75AEE88A-E059-4A0B-9D6B-F60DE9A136CE}.Debug|Any CPU.ActiveCfg = Debug|Any CPU
		{75AEE88A-E059-4A0B-9D6B-F60DE9A136CE}.Debug|Any CPU.Build.0 = Debug|Any CPU
		{75AEE88A-E059-4A0B-9D6B-F60DE9A136CE}.Release|Any CPU.ActiveCfg = Release|Any CPU
		{75AEE88A-E059-4A0B-9D6B-F60DE9A136CE}.Release|Any CPU.Build.0 = Release|Any CPU
		{EC6D89C2-E01C-4F04-8898-CB8C944468D2}.Debug|Any CPU.ActiveCfg = Debug|Any CPU
		{EC6D89C2-E01C-4F04-8898-CB8C944468D2}.Debug|Any CPU.Build.0 = Debug|Any CPU
		{EC6D89C2-E01C-4F04-8898-CB8C944468D2}.Release|Any CPU.ActiveCfg = Release|Any CPU
		{EC6D89C2-E01C-4F04-8898-CB8C944468D2}.Release|Any CPU.Build.0 = Release|Any CPU
		{EA125EAF-4664-40FB-8F54-2A458A06D409}.Debug|Any CPU.ActiveCfg = Debug|Any CPU
		{EA125EAF-4664-40FB-8F54-2A458A06D409}.Debug|Any CPU.Build.0 = Debug|Any CPU
		{EA125EAF-4664-40FB-8F54-2A458A06D409}.Release|Any CPU.ActiveCfg = Release|Any CPU
		{EA125EAF-4664-40FB-8F54-2A458A06D409}.Release|Any CPU.Build.0 = Release|Any CPU
		{9A43288E-3FCA-4CCB-BC48-331449C2ED65}.Debug|Any CPU.ActiveCfg = Debug|Any CPU
		{9A43288E-3FCA-4CCB-BC48-331449C2ED65}.Debug|Any CPU.Build.0 = Debug|Any CPU
		{9A43288E-3FCA-4CCB-BC48-331449C2ED65}.Release|Any CPU.ActiveCfg = Release|Any CPU
		{9A43288E-3FCA-4CCB-BC48-331449C2ED65}.Release|Any CPU.Build.0 = Release|Any CPU
		{BB9F9F94-A589-4D98-AD9D-0CAC82C6E3DF}.Debug|Any CPU.ActiveCfg = Debug|Any CPU
		{BB9F9F94-A589-4D98-AD9D-0CAC82C6E3DF}.Debug|Any CPU.Build.0 = Debug|Any CPU
		{BB9F9F94-A589-4D98-AD9D-0CAC82C6E3DF}.Release|Any CPU.ActiveCfg = Release|Any CPU
		{BB9F9F94-A589-4D98-AD9D-0CAC82C6E3DF}.Release|Any CPU.Build.0 = Release|Any CPU
		{535E936B-821D-4C34-8318-93E374C23352}.Debug|Any CPU.ActiveCfg = Debug|Any CPU
		{535E936B-821D-4C34-8318-93E374C23352}.Debug|Any CPU.Build.0 = Debug|Any CPU
		{535E936B-821D-4C34-8318-93E374C23352}.Release|Any CPU.ActiveCfg = Release|Any CPU
		{535E936B-821D-4C34-8318-93E374C23352}.Release|Any CPU.Build.0 = Release|Any CPU
		{22CA4E38-7B96-455B-A003-50B81BC8DDFC}.Debug|Any CPU.ActiveCfg = Debug|Any CPU
		{22CA4E38-7B96-455B-A003-50B81BC8DDFC}.Debug|Any CPU.Build.0 = Debug|Any CPU
		{22CA4E38-7B96-455B-A003-50B81BC8DDFC}.Release|Any CPU.ActiveCfg = Release|Any CPU
		{22CA4E38-7B96-455B-A003-50B81BC8DDFC}.Release|Any CPU.Build.0 = Release|Any CPU
		{BE0D7DEA-58CF-480B-AD03-8C9469AF8299}.Debug|Any CPU.ActiveCfg = Debug|Any CPU
		{BE0D7DEA-58CF-480B-AD03-8C9469AF8299}.Debug|Any CPU.Build.0 = Debug|Any CPU
		{BE0D7DEA-58CF-480B-AD03-8C9469AF8299}.Release|Any CPU.ActiveCfg = Release|Any CPU
		{BE0D7DEA-58CF-480B-AD03-8C9469AF8299}.Release|Any CPU.Build.0 = Release|Any CPU
		{1497CA0C-D8AB-4943-88EA-BA141495F420}.Debug|Any CPU.ActiveCfg = Debug|Any CPU
		{1497CA0C-D8AB-4943-88EA-BA141495F420}.Debug|Any CPU.Build.0 = Debug|Any CPU
		{1497CA0C-D8AB-4943-88EA-BA141495F420}.Release|Any CPU.ActiveCfg = Release|Any CPU
		{1497CA0C-D8AB-4943-88EA-BA141495F420}.Release|Any CPU.Build.0 = Release|Any CPU
		{1CA98D16-FAC1-439B-AFB9-1C52D933AFD7}.Debug|Any CPU.ActiveCfg = Debug|Any CPU
		{1CA98D16-FAC1-439B-AFB9-1C52D933AFD7}.Debug|Any CPU.Build.0 = Debug|Any CPU
		{1CA98D16-FAC1-439B-AFB9-1C52D933AFD7}.Release|Any CPU.ActiveCfg = Release|Any CPU
		{1CA98D16-FAC1-439B-AFB9-1C52D933AFD7}.Release|Any CPU.Build.0 = Release|Any CPU
		{073FDAB6-FF9E-49BD-8D2E-7AF9E79AD50C}.Debug|Any CPU.ActiveCfg = Debug|Any CPU
		{073FDAB6-FF9E-49BD-8D2E-7AF9E79AD50C}.Debug|Any CPU.Build.0 = Debug|Any CPU
		{073FDAB6-FF9E-49BD-8D2E-7AF9E79AD50C}.Release|Any CPU.ActiveCfg = Release|Any CPU
		{073FDAB6-FF9E-49BD-8D2E-7AF9E79AD50C}.Release|Any CPU.Build.0 = Release|Any CPU
		{50A6F996-83D2-4F20-AC30-F47A87209078}.Debug|Any CPU.ActiveCfg = Debug|Any CPU
		{50A6F996-83D2-4F20-AC30-F47A87209078}.Debug|Any CPU.Build.0 = Debug|Any CPU
		{50A6F996-83D2-4F20-AC30-F47A87209078}.Release|Any CPU.ActiveCfg = Release|Any CPU
		{50A6F996-83D2-4F20-AC30-F47A87209078}.Release|Any CPU.Build.0 = Release|Any CPU
		{A51A1FE4-83CC-4C47-BB6D-45D049D0CD1E}.Debug|Any CPU.ActiveCfg = Debug|Any CPU
		{A51A1FE4-83CC-4C47-BB6D-45D049D0CD1E}.Debug|Any CPU.Build.0 = Debug|Any CPU
		{A51A1FE4-83CC-4C47-BB6D-45D049D0CD1E}.Release|Any CPU.ActiveCfg = Release|Any CPU
		{A51A1FE4-83CC-4C47-BB6D-45D049D0CD1E}.Release|Any CPU.Build.0 = Release|Any CPU
		{4F2F08A4-550D-442A-A1A4-4141B9FEF496}.Debug|Any CPU.ActiveCfg = Debug|Any CPU
		{4F2F08A4-550D-442A-A1A4-4141B9FEF496}.Debug|Any CPU.Build.0 = Debug|Any CPU
		{4F2F08A4-550D-442A-A1A4-4141B9FEF496}.Release|Any CPU.ActiveCfg = Release|Any CPU
		{4F2F08A4-550D-442A-A1A4-4141B9FEF496}.Release|Any CPU.Build.0 = Release|Any CPU
		{2A088D17-72F9-4353-9832-47E70522E39D}.Debug|Any CPU.ActiveCfg = Debug|Any CPU
		{2A088D17-72F9-4353-9832-47E70522E39D}.Debug|Any CPU.Build.0 = Debug|Any CPU
		{2A088D17-72F9-4353-9832-47E70522E39D}.Release|Any CPU.ActiveCfg = Release|Any CPU
		{2A088D17-72F9-4353-9832-47E70522E39D}.Release|Any CPU.Build.0 = Release|Any CPU
		{281D140C-CA44-4C99-8E35-A9D447AD1E13}.Debug|Any CPU.ActiveCfg = Debug|Any CPU
		{281D140C-CA44-4C99-8E35-A9D447AD1E13}.Debug|Any CPU.Build.0 = Debug|Any CPU
		{281D140C-CA44-4C99-8E35-A9D447AD1E13}.Release|Any CPU.ActiveCfg = Release|Any CPU
		{281D140C-CA44-4C99-8E35-A9D447AD1E13}.Release|Any CPU.Build.0 = Release|Any CPU
		{6A5063C2-6732-4771-9BB4-1CB8F8E599FE}.Debug|Any CPU.ActiveCfg = Debug|Any CPU
		{6A5063C2-6732-4771-9BB4-1CB8F8E599FE}.Debug|Any CPU.Build.0 = Debug|Any CPU
		{6A5063C2-6732-4771-9BB4-1CB8F8E599FE}.Release|Any CPU.ActiveCfg = Release|Any CPU
		{6A5063C2-6732-4771-9BB4-1CB8F8E599FE}.Release|Any CPU.Build.0 = Release|Any CPU
		{1EBF4B82-66E4-4562-AF2D-B841B73B4445}.Debug|Any CPU.ActiveCfg = Debug|Any CPU
		{1EBF4B82-66E4-4562-AF2D-B841B73B4445}.Debug|Any CPU.Build.0 = Debug|Any CPU
		{1EBF4B82-66E4-4562-AF2D-B841B73B4445}.Release|Any CPU.ActiveCfg = Release|Any CPU
		{1EBF4B82-66E4-4562-AF2D-B841B73B4445}.Release|Any CPU.Build.0 = Release|Any CPU
		{1028C870-F4F9-488C-867A-3BF8177475A3}.Debug|Any CPU.ActiveCfg = Debug|Any CPU
		{1028C870-F4F9-488C-867A-3BF8177475A3}.Debug|Any CPU.Build.0 = Debug|Any CPU
		{1028C870-F4F9-488C-867A-3BF8177475A3}.Release|Any CPU.ActiveCfg = Release|Any CPU
		{1028C870-F4F9-488C-867A-3BF8177475A3}.Release|Any CPU.Build.0 = Release|Any CPU
		{6220C856-008E-4245-94FE-564DF53A4006}.Debug|Any CPU.ActiveCfg = Debug|Any CPU
		{6220C856-008E-4245-94FE-564DF53A4006}.Debug|Any CPU.Build.0 = Debug|Any CPU
		{6220C856-008E-4245-94FE-564DF53A4006}.Release|Any CPU.ActiveCfg = Release|Any CPU
		{6220C856-008E-4245-94FE-564DF53A4006}.Release|Any CPU.Build.0 = Release|Any CPU
	EndGlobalSection
	GlobalSection(SolutionProperties) = preSolution
		HideSolutionNode = FALSE
	EndGlobalSection
	GlobalSection(NestedProjects) = preSolution
		{D963C8FD-587C-4A1D-A8C8-1945EC0F0B24} = {10D9BA06-9E9B-4B10-9F54-8F6E1F3EE436}
		{028CFAAD-8623-4858-BCBB-61947C0088A1} = {913966F1-02C0-497B-ABC6-73B8C2157642}
		{17B1064D-DC0A-4204-AFEE-0AA4ECE920B0} = {913966F1-02C0-497B-ABC6-73B8C2157642}
		{6DFCE55C-EFCC-4938-B13F-BCA5A25B7D5B} = {913966F1-02C0-497B-ABC6-73B8C2157642}
		{B829EDD8-8805-4DB7-B214-10A333223DBE} = {4B17E31B-6A53-4849-AD72-77AF4BF89B3C}
		{FCDB5AB6-15E5-403B-BFD8-DCBD047D4873} = {913966F1-02C0-497B-ABC6-73B8C2157642}
		{77FA654A-EF1E-412C-BF8E-11EC11DB24F6} = {4B17E31B-6A53-4849-AD72-77AF4BF89B3C}
		{B66C648D-5B1A-4576-A71B-43A29366811B} = {02EDE115-AE37-48BF-898A-77721EFB4C85}
		{996DE977-D774-4218-B175-A75DFCE27569} = {E0749FBF-C882-4D7D-B9CA-33EAF9909FB3}
		{C23BF2F0-BC33-479B-BF3C-F3E75C1A5734} = {913966F1-02C0-497B-ABC6-73B8C2157642}
		{913966F1-02C0-497B-ABC6-73B8C2157642} = {E0749FBF-C882-4D7D-B9CA-33EAF9909FB3}
		{8228E80D-7A00-41EE-B4A3-175A3522F834} = {913966F1-02C0-497B-ABC6-73B8C2157642}
		{41086652-70A2-45E4-9A9C-778A7D8E2C1F} = {2E08F3B0-F10D-40C9-9EA5-2514CE5A0C7D}
		{7076C06F-23C3-4A68-ABD9-D23DE56AA7E4} = {2E08F3B0-F10D-40C9-9EA5-2514CE5A0C7D}
		{43E72AC1-CFE8-4EEB-81E0-0CDC17FCF738} = {2E08F3B0-F10D-40C9-9EA5-2514CE5A0C7D}
		{F6183AD7-8CD6-4C78-A1A6-3B49F0AD8F80} = {613C8322-2243-4190-AB6F-DF449EA7131F}
		{94ADC09F-A499-45D5-B714-6AD6CE7934BB} = {E0749FBF-C882-4D7D-B9CA-33EAF9909FB3}
		{8E9C4B34-91C2-465B-84C5-87C1033D9995} = {E0749FBF-C882-4D7D-B9CA-33EAF9909FB3}
		{4B17E31B-6A53-4849-AD72-77AF4BF89B3C} = {613C8322-2243-4190-AB6F-DF449EA7131F}
		{2E08F3B0-F10D-40C9-9EA5-2514CE5A0C7D} = {F6183AD7-8CD6-4C78-A1A6-3B49F0AD8F80}
		{FE7F66C0-EFA7-4DFA-AA6B-A45D39C1647D} = {F6183AD7-8CD6-4C78-A1A6-3B49F0AD8F80}
		{5E2570B5-B735-4B74-A9FA-E73788A7E8A9} = {94ADC09F-A499-45D5-B714-6AD6CE7934BB}
		{F2AA2E78-E061-4340-A9C9-A25B979D191A} = {02EDE115-AE37-48BF-898A-77721EFB4C85}
		{F6FC9CEB-AEFD-4354-A6EA-12EA1779A138} = {FA952A0A-3295-4A45-A971-1DE6054B4055}
		{67FEAAED-AAAE-42E8-B3D2-373A3EF928CC} = {94ADC09F-A499-45D5-B714-6AD6CE7934BB}
		{60E90ABD-E2C2-48FD-A9E9-0CC169263534} = {4B17E31B-6A53-4849-AD72-77AF4BF89B3C}
		{0FFCBEDF-C89F-4BD4-AE54-92BEE86EF624} = {FA952A0A-3295-4A45-A971-1DE6054B4055}
		{CEB08955-1E84-4593-9BFA-110DFC44D0ED} = {C296AE9A-3534-49C9-AF1C-9DF6D41BE280}
		{673BCB36-71CA-49DE-9F38-C9722D40B758} = {913966F1-02C0-497B-ABC6-73B8C2157642}
		{66B0B33A-A4A3-4545-B88D-A9202CC19DA7} = {C296AE9A-3534-49C9-AF1C-9DF6D41BE280}
		{EB705F40-860E-4457-8F7D-51C739D05F34} = {FA952A0A-3295-4A45-A971-1DE6054B4055}
		{75AEE88A-E059-4A0B-9D6B-F60DE9A136CE} = {02EDE115-AE37-48BF-898A-77721EFB4C85}
		{EC6D89C2-E01C-4F04-8898-CB8C944468D2} = {10D9BA06-9E9B-4B10-9F54-8F6E1F3EE436}
		{EA125EAF-4664-40FB-8F54-2A458A06D409} = {10D9BA06-9E9B-4B10-9F54-8F6E1F3EE436}
		{9A43288E-3FCA-4CCB-BC48-331449C2ED65} = {C296AE9A-3534-49C9-AF1C-9DF6D41BE280}
		{535E936B-821D-4C34-8318-93E374C23352} = {C296AE9A-3534-49C9-AF1C-9DF6D41BE280}
		{22CA4E38-7B96-455B-A003-50B81BC8DDFC} = {10D9BA06-9E9B-4B10-9F54-8F6E1F3EE436}
		{BE0D7DEA-58CF-480B-AD03-8C9469AF8299} = {02EDE115-AE37-48BF-898A-77721EFB4C85}
		{1497CA0C-D8AB-4943-88EA-BA141495F420} = {FA952A0A-3295-4A45-A971-1DE6054B4055}
		{1CA98D16-FAC1-439B-AFB9-1C52D933AFD7} = {02EDE115-AE37-48BF-898A-77721EFB4C85}
		{073FDAB6-FF9E-49BD-8D2E-7AF9E79AD50C} = {10D9BA06-9E9B-4B10-9F54-8F6E1F3EE436}
		{50A6F996-83D2-4F20-AC30-F47A87209078} = {10D9BA06-9E9B-4B10-9F54-8F6E1F3EE436}
		{A51A1FE4-83CC-4C47-BB6D-45D049D0CD1E} = {02EDE115-AE37-48BF-898A-77721EFB4C85}
		{4F2F08A4-550D-442A-A1A4-4141B9FEF496} = {FA952A0A-3295-4A45-A971-1DE6054B4055}
		{FA952A0A-3295-4A45-A971-1DE6054B4055} = {4F10619E-6E89-47E0-AE01-A6BE6913CCA3}
		{02EDE115-AE37-48BF-898A-77721EFB4C85} = {4F10619E-6E89-47E0-AE01-A6BE6913CCA3}
		{2A088D17-72F9-4353-9832-47E70522E39D} = {913966F1-02C0-497B-ABC6-73B8C2157642}
		{281D140C-CA44-4C99-8E35-A9D447AD1E13} = {94ADC09F-A499-45D5-B714-6AD6CE7934BB}
		{6A5063C2-6732-4771-9BB4-1CB8F8E599FE} = {02EDE115-AE37-48BF-898A-77721EFB4C85}
		{1EBF4B82-66E4-4562-AF2D-B841B73B4445} = {10D9BA06-9E9B-4B10-9F54-8F6E1F3EE436}
		{1028C870-F4F9-488C-867A-3BF8177475A3} = {02EDE115-AE37-48BF-898A-77721EFB4C85}
		{6220C856-008E-4245-94FE-564DF53A4006} = {913966F1-02C0-497B-ABC6-73B8C2157642}
	EndGlobalSection
	GlobalSection(ExtensibilityGlobals) = postSolution
		SolutionGuid = {5B0FD2C1-4691-4DCE-8FA0-652783516E4A}
	EndGlobalSection
EndGlobal
